Microsoft Visual Studio Solution File, Format Version 12.00
# Visual Studio 2012
Project("{FAE04EC0-301F-11D3-BF4B-00C04F79EFBC}") = "Endless_runner", "Endless_runner.csproj", "{08E543ED-7C0E-43C9-9D29-AF695B9BA69A}"
EndProject
Global
	GlobalSection(SolutionConfigurationPlatforms) = preSolution
	Debug|Any CPU = Debug|Any CPU
	ExportDebug|Any CPU = ExportDebug|Any CPU
	ExportRelease|Any CPU = ExportRelease|Any CPU
	EndGlobalSection
	GlobalSection(ProjectConfigurationPlatforms) = postSolution
		{08E543ED-7C0E-43C9-9D29-AF695B9BA69A}.Debug|Any CPU.ActiveCfg = Debug|Any CPU
		{08E543ED-7C0E-43C9-9D29-AF695B9BA69A}.Debug|Any CPU.Build.0 = Debug|Any CPU
		{08E543ED-7C0E-43C9-9D29-AF695B9BA69A}.ExportDebug|Any CPU.ActiveCfg = ExportDebug|Any CPU
		{08E543ED-7C0E-43C9-9D29-AF695B9BA69A}.ExportDebug|Any CPU.Build.0 = ExportDebug|Any CPU
		{08E543ED-7C0E-43C9-9D29-AF695B9BA69A}.ExportRelease|Any CPU.ActiveCfg = ExportRelease|Any CPU
		{08E543ED-7C0E-43C9-9D29-AF695B9BA69A}.ExportRelease|Any CPU.Build.0 = ExportRelease|Any CPU
	EndGlobalSection
EndGlobal
